// !$*UTF8*$!
{
	archiveVersion = 1;
	classes = {
	};
	objectVersion = 50;
	objects = {

/* Begin PBXBuildFile section */
		9C8772A024BAEA8900226BA5 /* RestaurantDetailViewController.swift in Sources */ = {isa = PBXBuildFile; fileRef = 9C87729F24BAEA8900226BA5 /* RestaurantDetailViewController.swift */; };
		9C8772A224C470C700226BA5 /* Restaurant.swift in Sources */ = {isa = PBXBuildFile; fileRef = 9C8772A124C470C700226BA5 /* Restaurant.swift */; };
		9C8772BD24CC0D4D00226BA5 /* Rubik-Bold.ttf in Resources */ = {isa = PBXBuildFile; fileRef = 9C8772B324CC0D4D00226BA5 /* Rubik-Bold.ttf */; };
		9C8772BE24CC0D4D00226BA5 /* Rubik-Light.ttf in Resources */ = {isa = PBXBuildFile; fileRef = 9C8772B424CC0D4D00226BA5 /* Rubik-Light.ttf */; };
		9C8772BF24CC0D4D00226BA5 /* Rubik-Black.ttf in Resources */ = {isa = PBXBuildFile; fileRef = 9C8772B524CC0D4D00226BA5 /* Rubik-Black.ttf */; };
		9C8772C024CC0D4D00226BA5 /* Rubik-LightItalic.ttf in Resources */ = {isa = PBXBuildFile; fileRef = 9C8772B624CC0D4D00226BA5 /* Rubik-LightItalic.ttf */; };
		9C8772C124CC0D4D00226BA5 /* Rubik-Italic.ttf in Resources */ = {isa = PBXBuildFile; fileRef = 9C8772B724CC0D4D00226BA5 /* Rubik-Italic.ttf */; };
		9C8772C224CC0D4D00226BA5 /* Rubik-Medium.ttf in Resources */ = {isa = PBXBuildFile; fileRef = 9C8772B824CC0D4D00226BA5 /* Rubik-Medium.ttf */; };
		9C8772C324CC0D4D00226BA5 /* Rubik-Regular.ttf in Resources */ = {isa = PBXBuildFile; fileRef = 9C8772B924CC0D4D00226BA5 /* Rubik-Regular.ttf */; };
		9C8772C424CC0D4D00226BA5 /* Rubik-BlackItalic.ttf in Resources */ = {isa = PBXBuildFile; fileRef = 9C8772BA24CC0D4D00226BA5 /* Rubik-BlackItalic.ttf */; };
		9C8772C524CC0D4D00226BA5 /* Rubik-MediumItalic.ttf in Resources */ = {isa = PBXBuildFile; fileRef = 9C8772BB24CC0D4D00226BA5 /* Rubik-MediumItalic.ttf */; };
		9C8772C624CC0D4D00226BA5 /* Rubik-BoldItalic.ttf in Resources */ = {isa = PBXBuildFile; fileRef = 9C8772BC24CC0D4D00226BA5 /* Rubik-BoldItalic.ttf */; };
		9C8772C824CC187E00226BA5 /* RestaurantDetailHeaderView.swift in Sources */ = {isa = PBXBuildFile; fileRef = 9C8772C724CC187E00226BA5 /* RestaurantDetailHeaderView.swift */; };
		9C8772CA24CC4A9D00226BA5 /* RestaurantDetailIconTextCell.swift in Sources */ = {isa = PBXBuildFile; fileRef = 9C8772C924CC4A9D00226BA5 /* RestaurantDetailIconTextCell.swift */; };
		9C8772CC24CC4CF200226BA5 /* RestaurantDetailTextCell.swift in Sources */ = {isa = PBXBuildFile; fileRef = 9C8772CB24CC4CF200226BA5 /* RestaurantDetailTextCell.swift */; };
		9C8772CF24D5CD8600226BA5 /* UIColor+Ext.swift in Sources */ = {isa = PBXBuildFile; fileRef = 9C8772CE24D5CD8600226BA5 /* UIColor+Ext.swift */; };
		9C8772D124D5D1D400226BA5 /* UINavigationController+Ext.swift in Sources */ = {isa = PBXBuildFile; fileRef = 9C8772D024D5D1D400226BA5 /* UINavigationController+Ext.swift */; };
		9C8772D424D661D600226BA5 /* MapKit.framework in Frameworks */ = {isa = PBXBuildFile; fileRef = 9C8772D324D661D600226BA5 /* MapKit.framework */; };
		9C8772D624D66A2900226BA5 /* RestaurantDetailSeparatorCell.swift in Sources */ = {isa = PBXBuildFile; fileRef = 9C8772D524D66A2900226BA5 /* RestaurantDetailSeparatorCell.swift */; };
		9C8772D824D66AD700226BA5 /* RestaurantDetailMapCell.swift in Sources */ = {isa = PBXBuildFile; fileRef = 9C8772D724D66AD700226BA5 /* RestaurantDetailMapCell.swift */; };
		9C8772DA24D677CB00226BA5 /* MapViewController.swift in Sources */ = {isa = PBXBuildFile; fileRef = 9C8772D924D677CB00226BA5 /* MapViewController.swift */; };
		9C8772DC24DFCA2000226BA5 /* ReviewViewController.swift in Sources */ = {isa = PBXBuildFile; fileRef = 9C8772DB24DFCA2000226BA5 /* ReviewViewController.swift */; };
		9CBE19D324B048050093C57B /* AppDelegate.swift in Sources */ = {isa = PBXBuildFile; fileRef = 9CBE19D224B048050093C57B /* AppDelegate.swift */; };
		9CBE19D524B048050093C57B /* SceneDelegate.swift in Sources */ = {isa = PBXBuildFile; fileRef = 9CBE19D424B048050093C57B /* SceneDelegate.swift */; };
		9CBE19DA24B048050093C57B /* Main.storyboard in Resources */ = {isa = PBXBuildFile; fileRef = 9CBE19D824B048050093C57B /* Main.storyboard */; };
		9CBE19DC24B048070093C57B /* Assets.xcassets in Resources */ = {isa = PBXBuildFile; fileRef = 9CBE19DB24B048070093C57B /* Assets.xcassets */; };
		9CBE19DF24B048070093C57B /* LaunchScreen.storyboard in Resources */ = {isa = PBXBuildFile; fileRef = 9CBE19DD24B048070093C57B /* LaunchScreen.storyboard */; };
		9CBE19E724B048A10093C57B /* RestaurantTableViewController.swift in Sources */ = {isa = PBXBuildFile; fileRef = 9CBE19E624B048A10093C57B /* RestaurantTableViewController.swift */; };
		9CBE19E924B051E90093C57B /* RestaurantTableViewCell.swift in Sources */ = {isa = PBXBuildFile; fileRef = 9CBE19E824B051E90093C57B /* RestaurantTableViewCell.swift */; };
/* End PBXBuildFile section */

/* Begin PBXFileReference section */
		9C87729F24BAEA8900226BA5 /* RestaurantDetailViewController.swift */ = {isa = PBXFileReference; lastKnownFileType = sourcecode.swift; path = RestaurantDetailViewController.swift; sourceTree = "<group>"; };
		9C8772A124C470C700226BA5 /* Restaurant.swift */ = {isa = PBXFileReference; lastKnownFileType = sourcecode.swift; path = Restaurant.swift; sourceTree = "<group>"; };
		9C8772B324CC0D4D00226BA5 /* Rubik-Bold.ttf */ = {isa = PBXFileReference; lastKnownFileType = file; path = "Rubik-Bold.ttf"; sourceTree = "<group>"; };
		9C8772B424CC0D4D00226BA5 /* Rubik-Light.ttf */ = {isa = PBXFileReference; lastKnownFileType = file; path = "Rubik-Light.ttf"; sourceTree = "<group>"; };
		9C8772B524CC0D4D00226BA5 /* Rubik-Black.ttf */ = {isa = PBXFileReference; lastKnownFileType = file; path = "Rubik-Black.ttf"; sourceTree = "<group>"; };
		9C8772B624CC0D4D00226BA5 /* Rubik-LightItalic.ttf */ = {isa = PBXFileReference; lastKnownFileType = file; path = "Rubik-LightItalic.ttf"; sourceTree = "<group>"; };
		9C8772B724CC0D4D00226BA5 /* Rubik-Italic.ttf */ = {isa = PBXFileReference; lastKnownFileType = file; path = "Rubik-Italic.ttf"; sourceTree = "<group>"; };
		9C8772B824CC0D4D00226BA5 /* Rubik-Medium.ttf */ = {isa = PBXFileReference; lastKnownFileType = file; path = "Rubik-Medium.ttf"; sourceTree = "<group>"; };
		9C8772B924CC0D4D00226BA5 /* Rubik-Regular.ttf */ = {isa = PBXFileReference; lastKnownFileType = file; path = "Rubik-Regular.ttf"; sourceTree = "<group>"; };
		9C8772BA24CC0D4D00226BA5 /* Rubik-BlackItalic.ttf */ = {isa = PBXFileReference; lastKnownFileType = file; path = "Rubik-BlackItalic.ttf"; sourceTree = "<group>"; };
		9C8772BB24CC0D4D00226BA5 /* Rubik-MediumItalic.ttf */ = {isa = PBXFileReference; lastKnownFileType = file; path = "Rubik-MediumItalic.ttf"; sourceTree = "<group>"; };
		9C8772BC24CC0D4D00226BA5 /* Rubik-BoldItalic.ttf */ = {isa = PBXFileReference; lastKnownFileType = file; path = "Rubik-BoldItalic.ttf"; sourceTree = "<group>"; };
		9C8772C724CC187E00226BA5 /* RestaurantDetailHeaderView.swift */ = {isa = PBXFileReference; lastKnownFileType = sourcecode.swift; path = RestaurantDetailHeaderView.swift; sourceTree = "<group>"; };
		9C8772C924CC4A9D00226BA5 /* RestaurantDetailIconTextCell.swift */ = {isa = PBXFileReference; lastKnownFileType = sourcecode.swift; path = RestaurantDetailIconTextCell.swift; sourceTree = "<group>"; };
		9C8772CB24CC4CF200226BA5 /* RestaurantDetailTextCell.swift */ = {isa = PBXFileReference; lastKnownFileType = sourcecode.swift; path = RestaurantDetailTextCell.swift; sourceTree = "<group>"; };
		9C8772CE24D5CD8600226BA5 /* UIColor+Ext.swift */ = {isa = PBXFileReference; lastKnownFileType = sourcecode.swift; path = "UIColor+Ext.swift"; sourceTree = "<group>"; };
		9C8772D024D5D1D400226BA5 /* UINavigationController+Ext.swift */ = {isa = PBXFileReference; lastKnownFileType = sourcecode.swift; path = "UINavigationController+Ext.swift"; sourceTree = "<group>"; };
		9C8772D324D661D600226BA5 /* MapKit.framework */ = {isa = PBXFileReference; lastKnownFileType = wrapper.framework; name = MapKit.framework; path = System/Library/Frameworks/MapKit.framework; sourceTree = SDKROOT; };
		9C8772D524D66A2900226BA5 /* RestaurantDetailSeparatorCell.swift */ = {isa = PBXFileReference; lastKnownFileType = sourcecode.swift; path = RestaurantDetailSeparatorCell.swift; sourceTree = "<group>"; };
		9C8772D724D66AD700226BA5 /* RestaurantDetailMapCell.swift */ = {isa = PBXFileReference; lastKnownFileType = sourcecode.swift; path = RestaurantDetailMapCell.swift; sourceTree = "<group>"; };
		9C8772D924D677CB00226BA5 /* MapViewController.swift */ = {isa = PBXFileReference; lastKnownFileType = sourcecode.swift; path = MapViewController.swift; sourceTree = "<group>"; };
		9C8772DB24DFCA2000226BA5 /* ReviewViewController.swift */ = {isa = PBXFileReference; lastKnownFileType = sourcecode.swift; path = ReviewViewController.swift; sourceTree = "<group>"; };
		9CBE19CF24B048050093C57B /* FoodPin.app */ = {isa = PBXFileReference; explicitFileType = wrapper.application; includeInIndex = 0; path = FoodPin.app; sourceTree = BUILT_PRODUCTS_DIR; };
		9CBE19D224B048050093C57B /* AppDelegate.swift */ = {isa = PBXFileReference; lastKnownFileType = sourcecode.swift; path = AppDelegate.swift; sourceTree = "<group>"; };
		9CBE19D424B048050093C57B /* SceneDelegate.swift */ = {isa = PBXFileReference; lastKnownFileType = sourcecode.swift; path = SceneDelegate.swift; sourceTree = "<group>"; };
		9CBE19D924B048050093C57B /* Base */ = {isa = PBXFileReference; lastKnownFileType = file.storyboard; name = Base; path = Base.lproj/Main.storyboard; sourceTree = "<group>"; };
		9CBE19DB24B048070093C57B /* Assets.xcassets */ = {isa = PBXFileReference; lastKnownFileType = folder.assetcatalog; path = Assets.xcassets; sourceTree = "<group>"; };
		9CBE19DE24B048070093C57B /* Base */ = {isa = PBXFileReference; lastKnownFileType = file.storyboard; name = Base; path = Base.lproj/LaunchScreen.storyboard; sourceTree = "<group>"; };
		9CBE19E024B048070093C57B /* Info.plist */ = {isa = PBXFileReference; lastKnownFileType = text.plist.xml; path = Info.plist; sourceTree = "<group>"; };
		9CBE19E624B048A10093C57B /* RestaurantTableViewController.swift */ = {isa = PBXFileReference; lastKnownFileType = sourcecode.swift; path = RestaurantTableViewController.swift; sourceTree = "<group>"; };
		9CBE19E824B051E90093C57B /* RestaurantTableViewCell.swift */ = {isa = PBXFileReference; lastKnownFileType = sourcecode.swift; path = RestaurantTableViewCell.swift; sourceTree = "<group>"; };
/* End PBXFileReference section */

/* Begin PBXFrameworksBuildPhase section */
		9CBE19CC24B048050093C57B /* Frameworks */ = {
			isa = PBXFrameworksBuildPhase;
			buildActionMask = 2147483647;
			files = (
				9C8772D424D661D600226BA5 /* MapKit.framework in Frameworks */,
			);
			runOnlyForDeploymentPostprocessing = 0;
		};
/* End PBXFrameworksBuildPhase section */

/* Begin PBXGroup section */
		9C8772A324C47A7200226BA5 /* Controller */ = {
			isa = PBXGroup;
			children = (
				9C87729F24BAEA8900226BA5 /* RestaurantDetailViewController.swift */,
				9CBE19E624B048A10093C57B /* RestaurantTableViewController.swift */,
				9C8772D924D677CB00226BA5 /* MapViewController.swift */,
				9C8772DB24DFCA2000226BA5 /* ReviewViewController.swift */,
			);
			path = Controller;
			sourceTree = "<group>";
		};
		9C8772A424C47AB700226BA5 /* View */ = {
			isa = PBXGroup;
			children = (
				9CBE19E824B051E90093C57B /* RestaurantTableViewCell.swift */,
				9C8772C724CC187E00226BA5 /* RestaurantDetailHeaderView.swift */,
				9C8772C924CC4A9D00226BA5 /* RestaurantDetailIconTextCell.swift */,
				9C8772CB24CC4CF200226BA5 /* RestaurantDetailTextCell.swift */,
				9C8772D524D66A2900226BA5 /* RestaurantDetailSeparatorCell.swift */,
				9C8772D724D66AD700226BA5 /* RestaurantDetailMapCell.swift */,
			);
			path = View;
			sourceTree = "<group>";
		};
		9C8772A524C47AC800226BA5 /* Model */ = {
			isa = PBXGroup;
			children = (
				9C8772A124C470C700226BA5 /* Restaurant.swift */,
			);
			path = Model;
			sourceTree = "<group>";
		};
		9C8772A624C47ADA00226BA5 /* Storyboard */ = {
			isa = PBXGroup;
			children = (
				9CBE19D824B048050093C57B /* Main.storyboard */,
				9CBE19DD24B048070093C57B /* LaunchScreen.storyboard */,
			);
			path = Storyboard;
			sourceTree = "<group>";
		};
		9C8772A724CC0A2800226BA5 /* Resources */ = {
			isa = PBXGroup;
			children = (
				9C8772A824CC0CCD00226BA5 /* Fonts */,
			);
			path = Resources;
			sourceTree = "<group>";
		};
		9C8772A824CC0CCD00226BA5 /* Fonts */ = {
			isa = PBXGroup;
			children = (
				9C8772B524CC0D4D00226BA5 /* Rubik-Black.ttf */,
				9C8772BA24CC0D4D00226BA5 /* Rubik-BlackItalic.ttf */,
				9C8772B324CC0D4D00226BA5 /* Rubik-Bold.ttf */,
				9C8772BC24CC0D4D00226BA5 /* Rubik-BoldItalic.ttf */,
				9C8772B724CC0D4D00226BA5 /* Rubik-Italic.ttf */,
				9C8772B424CC0D4D00226BA5 /* Rubik-Light.ttf */,
				9C8772B624CC0D4D00226BA5 /* Rubik-LightItalic.ttf */,
				9C8772B824CC0D4D00226BA5 /* Rubik-Medium.ttf */,
				9C8772BB24CC0D4D00226BA5 /* Rubik-MediumItalic.ttf */,
				9C8772B924CC0D4D00226BA5 /* Rubik-Regular.ttf */,
			);
			path = Fonts;
			sourceTree = "<group>";
		};
		9C8772CD24D5CD4400226BA5 /* Extensions */ = {
			isa = PBXGroup;
			children = (
				9C8772CE24D5CD8600226BA5 /* UIColor+Ext.swift */,
				9C8772D024D5D1D400226BA5 /* UINavigationController+Ext.swift */,
			);
			path = Extensions;
			sourceTree = "<group>";
		};
		9C8772D224D661D600226BA5 /* Frameworks */ = {
			isa = PBXGroup;
			children = (
				9C8772D324D661D600226BA5 /* MapKit.framework */,
			);
			name = Frameworks;
			sourceTree = "<group>";
		};
		9CBE19C624B048050093C57B = {
			isa = PBXGroup;
			children = (
				9CBE19D124B048050093C57B /* FoodPin */,
				9CBE19D024B048050093C57B /* Products */,
				9C8772D224D661D600226BA5 /* Frameworks */,
			);
			sourceTree = "<group>";
		};
		9CBE19D024B048050093C57B /* Products */ = {
			isa = PBXGroup;
			children = (
				9CBE19CF24B048050093C57B /* FoodPin.app */,
			);
			name = Products;
			sourceTree = "<group>";
		};
		9CBE19D124B048050093C57B /* FoodPin */ = {
			isa = PBXGroup;
			children = (
				9C8772CD24D5CD4400226BA5 /* Extensions */,
				9C8772A724CC0A2800226BA5 /* Resources */,
				9C8772A624C47ADA00226BA5 /* Storyboard */,
				9C8772A524C47AC800226BA5 /* Model */,
				9C8772A424C47AB700226BA5 /* View */,
				9C8772A324C47A7200226BA5 /* Controller */,
				9CBE19D224B048050093C57B /* AppDelegate.swift */,
				9CBE19D424B048050093C57B /* SceneDelegate.swift */,
				9CBE19DB24B048070093C57B /* Assets.xcassets */,
				9CBE19E024B048070093C57B /* Info.plist */,
			);
			path = FoodPin;
			sourceTree = "<group>";
		};
/* End PBXGroup section */

/* Begin PBXNativeTarget section */
		9CBE19CE24B048050093C57B /* FoodPin */ = {
			isa = PBXNativeTarget;
			buildConfigurationList = 9CBE19E324B048070093C57B /* Build configuration list for PBXNativeTarget "FoodPin" */;
			buildPhases = (
				9CBE19CB24B048050093C57B /* Sources */,
				9CBE19CC24B048050093C57B /* Frameworks */,
				9CBE19CD24B048050093C57B /* Resources */,
			);
			buildRules = (
			);
			dependencies = (
			);
			name = FoodPin;
			productName = FoodPin;
			productReference = 9CBE19CF24B048050093C57B /* FoodPin.app */;
			productType = "com.apple.product-type.application";
		};
/* End PBXNativeTarget section */

/* Begin PBXProject section */
		9CBE19C724B048050093C57B /* Project object */ = {
			isa = PBXProject;
			attributes = {
				LastSwiftUpdateCheck = 1140;
				LastUpgradeCheck = 1140;
				ORGANIZATIONNAME = "連振甫";
				TargetAttributes = {
					9CBE19CE24B048050093C57B = {
						CreatedOnToolsVersion = 11.4.1;
					};
				};
			};
			buildConfigurationList = 9CBE19CA24B048050093C57B /* Build configuration list for PBXProject "FoodPin" */;
			compatibilityVersion = "Xcode 9.3";
			developmentRegion = en;
			hasScannedForEncodings = 0;
			knownRegions = (
				en,
				Base,
			);
			mainGroup = 9CBE19C624B048050093C57B;
			productRefGroup = 9CBE19D024B048050093C57B /* Products */;
			projectDirPath = "";
			projectRoot = "";
			targets = (
				9CBE19CE24B048050093C57B /* FoodPin */,
			);
		};
/* End PBXProject section */

/* Begin PBXResourcesBuildPhase section */
		9CBE19CD24B048050093C57B /* Resources */ = {
			isa = PBXResourcesBuildPhase;
			buildActionMask = 2147483647;
			files = (
				9C8772BF24CC0D4D00226BA5 /* Rubik-Black.ttf in Resources */,
				9CBE19DF24B048070093C57B /* LaunchScreen.storyboard in Resources */,
				9C8772C024CC0D4D00226BA5 /* Rubik-LightItalic.ttf in Resources */,
				9C8772C324CC0D4D00226BA5 /* Rubik-Regular.ttf in Resources */,
				9C8772BD24CC0D4D00226BA5 /* Rubik-Bold.ttf in Resources */,
				9C8772C424CC0D4D00226BA5 /* Rubik-BlackItalic.ttf in Resources */,
				9C8772C124CC0D4D00226BA5 /* Rubik-Italic.ttf in Resources */,
				9C8772C524CC0D4D00226BA5 /* Rubik-MediumItalic.ttf in Resources */,
				9C8772BE24CC0D4D00226BA5 /* Rubik-Light.ttf in Resources */,
				9C8772C224CC0D4D00226BA5 /* Rubik-Medium.ttf in Resources */,
				9CBE19DC24B048070093C57B /* Assets.xcassets in Resources */,
				9C8772C624CC0D4D00226BA5 /* Rubik-BoldItalic.ttf in Resources */,
				9CBE19DA24B048050093C57B /* Main.storyboard in Resources */,
			);
			runOnlyForDeploymentPostprocessing = 0;
		};
/* End PBXResourcesBuildPhase section */

/* Begin PBXSourcesBuildPhase section */
		9CBE19CB24B048050093C57B /* Sources */ = {
			isa = PBXSourcesBuildPhase;
			buildActionMask = 2147483647;
			files = (
				9C8772D124D5D1D400226BA5 /* UINavigationController+Ext.swift in Sources */,
				9CBE19E924B051E90093C57B /* RestaurantTableViewCell.swift in Sources */,
				9C8772DC24DFCA2000226BA5 /* ReviewViewController.swift in Sources */,
				9C8772CC24CC4CF200226BA5 /* RestaurantDetailTextCell.swift in Sources */,
				9CBE19D324B048050093C57B /* AppDelegate.swift in Sources */,
				9C8772A224C470C700226BA5 /* Restaurant.swift in Sources */,
				9C8772CA24CC4A9D00226BA5 /* RestaurantDetailIconTextCell.swift in Sources */,
				9C8772C824CC187E00226BA5 /* RestaurantDetailHeaderView.swift in Sources */,
				9C8772D624D66A2900226BA5 /* RestaurantDetailSeparatorCell.swift in Sources */,
				9C8772D824D66AD700226BA5 /* RestaurantDetailMapCell.swift in Sources */,
				9C8772A024BAEA8900226BA5 /* RestaurantDetailViewController.swift in Sources */,
				9C8772CF24D5CD8600226BA5 /* UIColor+Ext.swift in Sources */,
				9CBE19D524B048050093C57B /* SceneDelegate.swift in Sources */,
				9CBE19E724B048A10093C57B /* RestaurantTableViewController.swift in Sources */,
				9C8772DA24D677CB00226BA5 /* MapViewController.swift in Sources */,
			);
			runOnlyForDeploymentPostprocessing = 0;
		};
/* End PBXSourcesBuildPhase section */

/* Begin PBXVariantGroup section */
		9CBE19D824B048050093C57B /* Main.storyboard */ = {
			isa = PBXVariantGroup;
			children = (
				9CBE19D924B048050093C57B /* Base */,
			);
			name = Main.storyboard;
			sourceTree = "<group>";
		};
		9CBE19DD24B048070093C57B /* LaunchScreen.storyboard */ = {
			isa = PBXVariantGroup;
			children = (
				9CBE19DE24B048070093C57B /* Base */,
			);
			name = LaunchScreen.storyboard;
			sourceTree = "<group>";
		};
/* End PBXVariantGroup section */

/* Begin XCBuildConfiguration section */
		9CBE19E124B048070093C57B /* Debug */ = {
			isa = XCBuildConfiguration;
			buildSettings = {
				ALWAYS_SEARCH_USER_PATHS = NO;
				CLANG_ANALYZER_NONNULL = YES;
				CLANG_ANALYZER_NUMBER_OBJECT_CONVERSION = YES_AGGRESSIVE;
				CLANG_CXX_LANGUAGE_STANDARD = "gnu++14";
				CLANG_CXX_LIBRARY = "libc++";
				CLANG_ENABLE_MODULES = YES;
				CLANG_ENABLE_OBJC_ARC = YES;
				CLANG_ENABLE_OBJC_WEAK = YES;
				CLANG_WARN_BLOCK_CAPTURE_AUTORELEASING = YES;
				CLANG_WARN_BOOL_CONVERSION = YES;
				CLANG_WARN_COMMA = YES;
				CLANG_WARN_CONSTANT_CONVERSION = YES;
				CLANG_WARN_DEPRECATED_OBJC_IMPLEMENTATIONS = YES;
				CLANG_WARN_DIRECT_OBJC_ISA_USAGE = YES_ERROR;
				CLANG_WARN_DOCUMENTATION_COMMENTS = YES;
				CLANG_WARN_EMPTY_BODY = YES;
				CLANG_WARN_ENUM_CONVERSION = YES;
				CLANG_WARN_INFINITE_RECURSION = YES;
				CLANG_WARN_INT_CONVERSION = YES;
				CLANG_WARN_NON_LITERAL_NULL_CONVERSION = YES;
				CLANG_WARN_OBJC_IMPLICIT_RETAIN_SELF = YES;
				CLANG_WARN_OBJC_LITERAL_CONVERSION = YES;
				CLANG_WARN_OBJC_ROOT_CLASS = YES_ERROR;
				CLANG_WARN_RANGE_LOOP_ANALYSIS = YES;
				CLANG_WARN_STRICT_PROTOTYPES = YES;
				CLANG_WARN_SUSPICIOUS_MOVE = YES;
				CLANG_WARN_UNGUARDED_AVAILABILITY = YES_AGGRESSIVE;
				CLANG_WARN_UNREACHABLE_CODE = YES;
				CLANG_WARN__DUPLICATE_METHOD_MATCH = YES;
				COPY_PHASE_STRIP = NO;
				DEBUG_INFORMATION_FORMAT = dwarf;
				ENABLE_STRICT_OBJC_MSGSEND = YES;
				ENABLE_TESTABILITY = YES;
				GCC_C_LANGUAGE_STANDARD = gnu11;
				GCC_DYNAMIC_NO_PIC = NO;
				GCC_NO_COMMON_BLOCKS = YES;
				GCC_OPTIMIZATION_LEVEL = 0;
				GCC_PREPROCESSOR_DEFINITIONS = (
					"DEBUG=1",
					"$(inherited)",
				);
				GCC_WARN_64_TO_32_BIT_CONVERSION = YES;
				GCC_WARN_ABOUT_RETURN_TYPE = YES_ERROR;
				GCC_WARN_UNDECLARED_SELECTOR = YES;
				GCC_WARN_UNINITIALIZED_AUTOS = YES_AGGRESSIVE;
				GCC_WARN_UNUSED_FUNCTION = YES;
				GCC_WARN_UNUSED_VARIABLE = YES;
				IPHONEOS_DEPLOYMENT_TARGET = 13.4;
				MTL_ENABLE_DEBUG_INFO = INCLUDE_SOURCE;
				MTL_FAST_MATH = YES;
				ONLY_ACTIVE_ARCH = YES;
				SDKROOT = iphoneos;
				SWIFT_ACTIVE_COMPILATION_CONDITIONS = DEBUG;
				SWIFT_OPTIMIZATION_LEVEL = "-Onone";
			};
			name = Debug;
		};
		9CBE19E224B048070093C57B /* Release */ = {
			isa = XCBuildConfiguration;
			buildSettings = {
				ALWAYS_SEARCH_USER_PATHS = NO;
				CLANG_ANALYZER_NONNULL = YES;
				CLANG_ANALYZER_NUMBER_OBJECT_CONVERSION = YES_AGGRESSIVE;
				CLANG_CXX_LANGUAGE_STANDARD = "gnu++14";
				CLANG_CXX_LIBRARY = "libc++";
				CLANG_ENABLE_MODULES = YES;
				CLANG_ENABLE_OBJC_ARC = YES;
				CLANG_ENABLE_OBJC_WEAK = YES;
				CLANG_WARN_BLOCK_CAPTURE_AUTORELEASING = YES;
				CLANG_WARN_BOOL_CONVERSION = YES;
				CLANG_WARN_COMMA = YES;
				CLANG_WARN_CONSTANT_CONVERSION = YES;
				CLANG_WARN_DEPRECATED_OBJC_IMPLEMENTATIONS = YES;
				CLANG_WARN_DIRECT_OBJC_ISA_USAGE = YES_ERROR;
				CLANG_WARN_DOCUMENTATION_COMMENTS = YES;
				CLANG_WARN_EMPTY_BODY = YES;
				CLANG_WARN_ENUM_CONVERSION = YES;
				CLANG_WARN_INFINITE_RECURSION = YES;
				CLANG_WARN_INT_CONVERSION = YES;
				CLANG_WARN_NON_LITERAL_NULL_CONVERSION = YES;
				CLANG_WARN_OBJC_IMPLICIT_RETAIN_SELF = YES;
				CLANG_WARN_OBJC_LITERAL_CONVERSION = YES;
				CLANG_WARN_OBJC_ROOT_CLASS = YES_ERROR;
				CLANG_WARN_RANGE_LOOP_ANALYSIS = YES;
				CLANG_WARN_STRICT_PROTOTYPES = YES;
				CLANG_WARN_SUSPICIOUS_MOVE = YES;
				CLANG_WARN_UNGUARDED_AVAILABILITY = YES_AGGRESSIVE;
				CLANG_WARN_UNREACHABLE_CODE = YES;
				CLANG_WARN__DUPLICATE_METHOD_MATCH = YES;
				COPY_PHASE_STRIP = NO;
				DEBUG_INFORMATION_FORMAT = "dwarf-with-dsym";
				ENABLE_NS_ASSERTIONS = NO;
				ENABLE_STRICT_OBJC_MSGSEND = YES;
				GCC_C_LANGUAGE_STANDARD = gnu11;
				GCC_NO_COMMON_BLOCKS = YES;
				GCC_WARN_64_TO_32_BIT_CONVERSION = YES;
				GCC_WARN_ABOUT_RETURN_TYPE = YES_ERROR;
				GCC_WARN_UNDECLARED_SELECTOR = YES;
				GCC_WARN_UNINITIALIZED_AUTOS = YES_AGGRESSIVE;
				GCC_WARN_UNUSED_FUNCTION = YES;
				GCC_WARN_UNUSED_VARIABLE = YES;
				IPHONEOS_DEPLOYMENT_TARGET = 13.4;
				MTL_ENABLE_DEBUG_INFO = NO;
				MTL_FAST_MATH = YES;
				SDKROOT = iphoneos;
				SWIFT_COMPILATION_MODE = wholemodule;
				SWIFT_OPTIMIZATION_LEVEL = "-O";
				VALIDATE_PRODUCT = YES;
			};
			name = Release;
		};
		9CBE19E424B048070093C57B /* Debug */ = {
			isa = XCBuildConfiguration;
			buildSettings = {
				ASSETCATALOG_COMPILER_APPICON_NAME = AppIcon;
				CODE_SIGN_STYLE = Automatic;
				DEVELOPMENT_TEAM = 5K2D8EVZ5V;
				INFOPLIST_FILE = FoodPin/Info.plist;
				LD_RUNPATH_SEARCH_PATHS = (
					"$(inherited)",
					"@executable_path/Frameworks",
				);
				PRODUCT_BUNDLE_IDENTIFIER = com.chenfu.FoodPin;
				PRODUCT_NAME = "$(TARGET_NAME)";
				SWIFT_VERSION = 5.0;
				TARGETED_DEVICE_FAMILY = "1,2";
			};
			name = Debug;
		};
		9CBE19E524B048070093C57B /* Release */ = {
			isa = XCBuildConfiguration;
			buildSettings = {
				ASSETCATALOG_COMPILER_APPICON_NAME = AppIcon;
				CODE_SIGN_STYLE = Automatic;
				DEVELOPMENT_TEAM = 5K2D8EVZ5V;
				INFOPLIST_FILE = FoodPin/Info.plist;
				LD_RUNPATH_SEARCH_PATHS = (
					"$(inherited)",
					"@executable_path/Frameworks",
				);
				PRODUCT_BUNDLE_IDENTIFIER = com.chenfu.FoodPin;
				PRODUCT_NAME = "$(TARGET_NAME)";
				SWIFT_VERSION = 5.0;
				TARGETED_DEVICE_FAMILY = "1,2";
			};
			name = Release;
		};
/* End XCBuildConfiguration section */

/* Begin XCConfigurationList section */
		9CBE19CA24B048050093C57B /* Build configuration list for PBXProject "FoodPin" */ = {
			isa = XCConfigurationList;
			buildConfigurations = (
				9CBE19E124B048070093C57B /* Debug */,
				9CBE19E224B048070093C57B /* Release */,
			);
			defaultConfigurationIsVisible = 0;
			defaultConfigurationName = Release;
		};
		9CBE19E324B048070093C57B /* Build configuration list for PBXNativeTarget "FoodPin" */ = {
			isa = XCConfigurationList;
			buildConfigurations = (
				9CBE19E424B048070093C57B /* Debug */,
				9CBE19E524B048070093C57B /* Release */,
			);
			defaultConfigurationIsVisible = 0;
			defaultConfigurationName = Release;
		};
/* End XCConfigurationList section */
	};
	rootObject = 9CBE19C724B048050093C57B /* Project object */;
}
